
Microsoft Visual Studio Solution File, Format Version 12.00
# Visual Studio Version 17
VisualStudioVersion = 17.2.32516.85
MinimumVisualStudioVersion = 10.0.40219.1
Project("{FAE04EC0-301F-11D3-BF4B-00C04F79EFBC}") = "ReLoDed Launcher", "ReLoDed Launcher\ReLoDed Launcher.csproj", "{437B0495-559D-4B5B-9230-25048D03FA15}"
EndProject
Global
	GlobalSection(SolutionConfigurationPlatforms) = preSolution
		Debug|Any CPU = Debug|Any CPU
		Release|Any CPU = Release|Any CPU
	EndGlobalSection
	GlobalSection(ProjectConfigurationPlatforms) = postSolution
		{437B0495-559D-4B5B-9230-25048D03FA15}.Debug|Any CPU.ActiveCfg = Debug|Any CPU
		{437B0495-559D-4B5B-9230-25048D03FA15}.Debug|Any CPU.Build.0 = Debug|Any CPU
		{437B0495-559D-4B5B-9230-25048D03FA15}.Release|Any CPU.ActiveCfg = Release|Any CPU
		{437B0495-559D-4B5B-9230-25048D03FA15}.Release|Any CPU.Build.0 = Release|Any CPU
	EndGlobalSection
	GlobalSection(SolutionProperties) = preSolution
		HideSolutionNode = FALSE
	EndGlobalSection
	GlobalSection(ExtensibilityGlobals) = postSolution
		SolutionGuid = {2B348738-ADF4-44E6-B953-AA98E8C09FCF}
	EndGlobalSection
EndGlobal
